{
  "requires": true,
  "lockfileVersion": 1,
  "dependencies": {
    "get-canvas-pixel-color": {
      "version": "2.0.1",
      "resolved": "https://registry.npmjs.org/get-canvas-pixel-color/-/get-canvas-pixel-color-2.0.1.tgz",
      "integrity": "sha512-IpriFwZbdLBcaB+z4PKLhCruvYwVBv5hpEkFY4NSlKGQQAAaZmeWBHTT2eem3GHbOXQcgCNevJw9zQOsGb4+uA=="
    }
  }
}
